{
    "_readme": [
        "This file locks the dependencies of your project to a known state",
        "Read more about it at https://getcomposer.org/doc/01-basic-usage.md#installing-dependencies",
        "This file is @generated automatically"
    ],
    "content-hash": "c93cbe80d3ad04f7237c8e0b896c2ae4",
    "packages": [],
    "packages-dev": [
        {
            "name": "itguild/debug",
            "version": "dev-master",
            "source": {
                "type": "git",
                "url": "https://git.itguild.info/ItGuild/debug_library",
                "reference": "e883a72ac3b0f3b1befc8c89d0b90afe66080646"
            },
            "default-branch": true,
            "type": "library",
            "autoload": {
                "psr-4": {
                    "Itguild\\Debug\\": "src/"
                }
            },
            "notification-url": "https://packagist.org/downloads/",
            "authors": [
                {
                    "name": "Kavalar",
                    "email": "apuc06@mail.ru"
                }
            ],
            "description": "Debug library",
            "time": "2025-02-04T08:18:46+00:00"
        }
    ],
    "aliases": [],
    "minimum-stability": "dev",
    "stability-flags": {
        "itguild/debug": 20
    },
    "prefer-stable": false,
    "prefer-lowest": false,
    "platform": [],
    "platform-dev": [],
    "plugin-api-version": "2.3.0"
}
